github.com/BurntSushi/toml v0.3.1 h1:WXkYYl6Yr3qBf1K79EBnL4mak0OimBfB0XUf9Vl28OQ=
github.com/BurntSushi/toml v0.3.1/go.mod h1:xHWCNGjB5oqiDr8zfno3MHue2Ht5sIBksp03qcyfWMU=
github.com/bradfitz/go-smtpd v0.0.0-20170404230938-deb6d6237625 h1:ckJgFhFWywOx+YLEMIJsTb+NV6NexWICk5+AMSuz3ss=
github.com/bradfitz/go-smtpd v0.0.0-20170404230938-deb6d6237625/go.mod h1:HYsPBTaaSFSlLx/70C2HPIMNZpVV8+vt/A+FMnYP11g=
github.com/luksen/maildir v0.0.0-20180118131156-1859503b54bd h1:RjDnqXEJasth7m8Z+okAKdNCAg+Kt0w+qMvyvqW/QCI=
github.com/luksen/maildir v0.0.0-20180118131156-1859503b54bd/go.mod h1:ZCFCeVAq3QI7TMtCH/6fr2sYqBCLeeGhda7tCQFC/m4=
